
Microsoft Visual Studio Solution File, Format Version 12.00
# Visual Studio Version 16
VisualStudioVersion = 16.0.32802.440
MinimumVisualStudioVersion = 10.0.40219.1
Project("{FAE04EC0-301F-11D3-BF4B-00C04F79EFBC}") = "TowerOfHanoiKelly", "TowerOfHanoiKelly\TowerOfHanoiKelly.csproj", "{AABEC382-30C2-4100-9032-97D498368399}"
EndProject
Global
	GlobalSection(SolutionConfigurationPlatforms) = preSolution
		Debug|Any CPU = Debug|Any CPU
		Release|Any CPU = Release|Any CPU
	EndGlobalSection
	GlobalSection(ProjectConfigurationPlatforms) = postSolution
		{AABEC382-30C2-4100-9032-97D498368399}.Debug|Any CPU.ActiveCfg = Debug|Any CPU
		{AABEC382-30C2-4100-9032-97D498368399}.Debug|Any CPU.Build.0 = Debug|Any CPU
		{AABEC382-30C2-4100-9032-97D498368399}.Release|Any CPU.ActiveCfg = Release|Any CPU
		{AABEC382-30C2-4100-9032-97D498368399}.Release|Any CPU.Build.0 = Release|Any CPU
	EndGlobalSection
	GlobalSection(SolutionProperties) = preSolution
		HideSolutionNode = FALSE
	EndGlobalSection
	GlobalSection(ExtensibilityGlobals) = postSolution
		SolutionGuid = {2B19464E-9A02-4B0F-A150-81F1ED025C85}
	EndGlobalSection
EndGlobal
